<?xml version="1.0" encoding="utf-8"?>
<Project ToolsVersion="4.0" xmlns="http://schemas.microsoft.com/developer/msbuild/2003">
  <ItemGroup>
    <CustomBuild Include="CMakeFiles\c70bc575c3a3dbda8182a27d8151b363\generate.stamp.rule">
      <Filter>CMake Rules</Filter>
    </CustomBuild>
  </ItemGroup>
  <ItemGroup>
    <Filter Include="CMake Rules">
      <UniqueIdentifier>{3B8DBE8B-8EFC-3815-BE65-B35CF37D7FC3}</UniqueIdentifier>
    </Filter>
  </ItemGroup>
</Project>
